{
  "version": "3",
  "packages": {
    "specifiers": {
      "npm:dotenv": "npm:dotenv@16.4.4",
      "npm:langchain@0.1.19-rc.2": "npm:langchain@0.1.19-rc.2_zod@3.22.4",
      "npm:langsmith@0.1.3": "npm:langsmith@0.1.3",
      "npm:openai": "npm:openai@4.28.0",
      "npm:wikipedia": "npm:wikipedia@2.1.2"
    },
    "npm": {
      "@anthropic-ai/sdk@0.9.1": {
        "integrity": "sha512-wa1meQ2WSfoY8Uor3EdrJq0jTiZJoKoSii2ZVWRY1oN4Tlr5s59pADg9T79FTbPe1/se5c3pBeZgJL63wmuoBA==",
        "dependencies": {
          "@types/node": "@types/node@18.19.17",
          "@types/node-fetch": "@types/node-fetch@2.6.11",
          "abort-controller": "abort-controller@3.0.0",
          "agentkeepalive": "agentkeepalive@4.5.0",
          "digest-fetch": "digest-fetch@1.3.0",
          "form-data-encoder": "form-data-encoder@1.7.2",
          "formdata-node": "formdata-node@4.4.1",
          "node-fetch": "node-fetch@2.7.0",
          "web-streams-polyfill": "web-streams-polyfill@3.3.3"
        }
      },
      "@langchain/community@0.0.30": {
        "integrity": "sha512-duYJtC8wN8FeIBkijGmDcOPpcK6dPU3Uwamh9K3ASuM97AUI2gEzZJeVtUPQiWFRPyDOAlPfNtrqxVUy2kmp9g==",
        "dependencies": {
          "@langchain/core": "@langchain/core@0.1.30_zod@3.22.4",
          "@langchain/openai": "@langchain/openai@0.0.14_zod@3.22.4",
          "flat": "flat@5.0.2",
          "langsmith": "langsmith@0.1.3",
          "uuid": "uuid@9.0.1",
          "zod": "zod@3.22.4"
        }
      },
      "@langchain/core@0.1.30_zod@3.22.4": {
        "integrity": "sha512-3oqEKgwe7U/efieZrCC6BLwOHm4YPj27mRNBZLaB5BwPh3a7gXIevxEnbjN3o5j9kJqc5acG7nn35h7Wkrf2Ag==",
        "dependencies": {
          "ansi-styles": "ansi-styles@5.2.0",
          "camelcase": "camelcase@6.3.0",
          "decamelize": "decamelize@1.2.0",
          "js-tiktoken": "js-tiktoken@1.0.10",
          "langsmith": "langsmith@0.1.3",
          "ml-distance": "ml-distance@4.0.1",
          "p-queue": "p-queue@6.6.2",
          "p-retry": "p-retry@4.6.2",
          "uuid": "uuid@9.0.1",
          "zod": "zod@3.22.4",
          "zod-to-json-schema": "zod-to-json-schema@3.22.4_zod@3.22.4"
        }
      },
      "@langchain/openai@0.0.14_zod@3.22.4": {
        "integrity": "sha512-co6nRylPrLGY/C3JYxhHt6cxLq07P086O7K3QaZH7SFFErIN9wSzJonpvhZR07DEUq6eK6wKgh2ORxA/NcjSRQ==",
        "dependencies": {
          "@langchain/core": "@langchain/core@0.1.30_zod@3.22.4",
          "js-tiktoken": "js-tiktoken@1.0.10",
          "openai": "openai@4.28.0",
          "zod": "zod@3.22.4",
          "zod-to-json-schema": "zod-to-json-schema@3.22.4_zod@3.22.4"
        }
      },
      "@types/node-fetch@2.6.11": {
        "integrity": "sha512-24xFj9R5+rfQJLRyM56qh+wnVSYhyXC2tkoBndtY0U+vubqNsYXGjufB2nn8Q6gt0LrARwL6UBtMCSVCwl4B1g==",
        "dependencies": {
          "@types/node": "@types/node@18.16.19",
          "form-data": "form-data@4.0.0"
        }
      },
      "@types/node@18.16.19": {
        "integrity": "sha512-IXl7o+R9iti9eBW4Wg2hx1xQDig183jj7YLn8F7udNceyfkbn1ZxmzZXuak20gR40D7pIkIY1kYGx5VIGbaHKA==",
        "dependencies": {}
      },
      "@types/node@18.19.17": {
        "integrity": "sha512-SzyGKgwPzuWp2SHhlpXKzCX0pIOfcI4V2eF37nNBJOhwlegQ83omtVQ1XxZpDE06V/d6AQvfQdPfnw0tRC//Ng==",
        "dependencies": {
          "undici-types": "undici-types@5.26.5"
        }
      },
      "@types/retry@0.12.0": {
        "integrity": "sha512-wWKOClTTiizcZhXnPY4wikVAwmdYHp8q6DmC+EJUzAMsycb7HB32Kh9RN4+0gExjmPmZSAQjgURXIGATPegAvA==",
        "dependencies": {}
      },
      "@types/uuid@9.0.8": {
        "integrity": "sha512-jg+97EGIcY9AGHJJRaaPVgetKDsrTgbRjQ5Msgjh/DQKEFl0DtyRr/VCOyD1T2R1MNeWPK/u7JoGhlDZnKBAfA==",
        "dependencies": {}
      },
      "abort-controller@3.0.0": {
        "integrity": "sha512-h8lQ8tacZYnR3vNQTgibj+tODHI5/+l06Au2Pcriv/Gmet0eaj4TwWH41sO9wnHDiQsEj19q0drzdWdeAHtweg==",
        "dependencies": {
          "event-target-shim": "event-target-shim@5.0.1"
        }
      },
      "agentkeepalive@4.5.0": {
        "integrity": "sha512-5GG/5IbQQpC9FpkRGsSvZI5QYeSCzlJHdpBQntCsuTOxhKD8lqKhrleg2Yi7yvMIf82Ycmmqln9U8V9qwEiJew==",
        "dependencies": {
          "humanize-ms": "humanize-ms@1.2.1"
        }
      },
      "ansi-styles@5.2.0": {
        "integrity": "sha512-Cxwpt2SfTzTtXcfOlzGEee8O+c+MmUgGrNiBcXnuWxuFJHe6a5Hz7qwhwe5OgaSYI0IJvkLqWX1ASG+cJOkEiA==",
        "dependencies": {}
      },
      "argparse@2.0.1": {
        "integrity": "sha512-8+9WqebbFzpX9OR+Wa6O29asIogeRMzcGtAINdpMHHyAg10f05aSFVBbcEqGf/PXw1EjAZ+q2/bEBg3DvurK3Q==",
        "dependencies": {}
      },
      "asynckit@0.4.0": {
        "integrity": "sha512-Oei9OH4tRh0YqU3GxhX79dM/mwVgvbZJaSNaRk+bshkj0S5cfHcgYakreBjrHwatXKbz+IoIdYLxrKim2MjW0Q==",
        "dependencies": {}
      },
      "axios@1.6.7": {
        "integrity": "sha512-/hDJGff6/c7u0hDkvkGxR/oy6CbCs8ziCsC7SqmhjfozqiJGc8Z11wrv9z9lYfY4K8l+H9TpjcMDX0xOZmx+RA==",
        "dependencies": {
          "follow-redirects": "follow-redirects@1.15.5",
          "form-data": "form-data@4.0.0",
          "proxy-from-env": "proxy-from-env@1.1.0"
        }
      },
      "base-64@0.1.0": {
        "integrity": "sha512-Y5gU45svrR5tI2Vt/X9GPd3L0HNIKzGu202EjxrXMpuc2V2CiKgemAbUUsqYmZJvPtCXoUKjNZwBJzsNScUbXA==",
        "dependencies": {}
      },
      "base64-js@1.5.1": {
        "integrity": "sha512-AKpaYlHn8t4SVbOHCy+b5+KKgvR4vrsD8vbvrbiQJps7fKDTkjkDry6ji0rUJjC0kzbNePLwzxq8iypo41qeWA==",
        "dependencies": {}
      },
      "binary-extensions@2.2.0": {
        "integrity": "sha512-jDctJ/IVQbZoJykoeHbhXpOlNBqGNcwXJKJog42E5HDPUwQTSdjCHdihjj0DlnheQ7blbT6dHOafNAiS8ooQKA==",
        "dependencies": {}
      },
      "binary-search@1.3.6": {
        "integrity": "sha512-nbE1WxOTTrUWIfsfZ4aHGYu5DOuNkbxGokjV6Z2kxfJK3uaAb8zNK1muzOeipoLHZjInT4Br88BHpzevc681xA==",
        "dependencies": {}
      },
      "camelcase@4.1.0": {
        "integrity": "sha512-FxAv7HpHrXbh3aPo4o2qxHay2lkLY3x5Mw3KeE4KQE8ysVfziWeRZDwcjauvwBSGEC/nXUPzZy8zeh4HokqOnw==",
        "dependencies": {}
      },
      "camelcase@6.3.0": {
        "integrity": "sha512-Gmy6FhYlCY7uOElZUSbxo2UCDH8owEk996gkbrpsgGtrJLM3J7jGxl9Ic7Qwwj4ivOE5AWZWRMecDdF7hqGjFA==",
        "dependencies": {}
      },
      "charenc@0.0.2": {
        "integrity": "sha512-yrLQ/yVUFXkzg7EDQsPieE/53+0RlaWTs+wBrvW36cyilJ2SaDWfl4Yj7MtLTXleV9uEKefbAGUPv2/iWSooRA==",
        "dependencies": {}
      },
      "combined-stream@1.0.8": {
        "integrity": "sha512-FQN4MRfuJeHf7cBbBMJFXhKSDq+2kAArBlmRBvcvFE5BB1HZKXtSFASDhdlz9zOYwxh8lDdnvmMOe/+5cdoEdg==",
        "dependencies": {
          "delayed-stream": "delayed-stream@1.0.0"
        }
      },
      "commander@10.0.1": {
        "integrity": "sha512-y4Mg2tXshplEbSGzx7amzPwKKOCGuoSRP/CjEdwwk0FOGlUbq6lKuoyDZTNZkmxHdJtp54hdfY/JUrdL7Xfdug==",
        "dependencies": {}
      },
      "crypt@0.0.2": {
        "integrity": "sha512-mCxBlsHFYh9C+HVpiEacem8FEBnMXgU9gy4zmNC+SXAZNB/1idgp/aulFJ4FgCi7GPEVbfyng092GqL2k2rmow==",
        "dependencies": {}
      },
      "decamelize@1.2.0": {
        "integrity": "sha512-z2S+W9X73hAUUki+N+9Za2lBlun89zigOyGrsax+KUQ6wKW4ZoWpEYBkGhQjwAjjDCkWxhY0VKEhk8wzY7F5cA==",
        "dependencies": {}
      },
      "delayed-stream@1.0.0": {
        "integrity": "sha512-ZySD7Nf91aLB0RxL4KGrKHBXl7Eds1DAmEdcoVawXnLD7SDhpNgtuII2aAkg7a7QS41jxPSZ17p4VdGnMHk3MQ==",
        "dependencies": {}
      },
      "digest-fetch@1.3.0": {
        "integrity": "sha512-CGJuv6iKNM7QyZlM2T3sPAdZWd/p9zQiRNS9G+9COUCwzWFTs0Xp8NF5iePx7wtvhDykReiRRrSeNb4oMmB8lA==",
        "dependencies": {
          "base-64": "base-64@0.1.0",
          "md5": "md5@2.3.0"
        }
      },
      "dotenv@16.4.4": {
        "integrity": "sha512-XvPXc8XAQThSjAbY6cQ/9PcBXmFoWuw1sQ3b8HqUCR6ziGXjkTi//kB9SWa2UwqlgdAIuRqAa/9hVljzPehbYg==",
        "dependencies": {}
      },
      "event-target-shim@5.0.1": {
        "integrity": "sha512-i/2XbnSz/uxRCU6+NdVJgKWDTM427+MqYbkQzD321DuCQJUqOuJKIA0IM2+W2xtYHdKOmZ4dR6fExsd4SXL+WQ==",
        "dependencies": {}
      },
      "eventemitter3@4.0.7": {
        "integrity": "sha512-8guHBZCwKnFhYdHr2ysuRWErTwhoN2X8XELRlrRwpmfeY2jjuUN4taQMsULKUVo1K4DvZl+0pgfyoysHxvmvEw==",
        "dependencies": {}
      },
      "expr-eval@2.0.2": {
        "integrity": "sha512-4EMSHGOPSwAfBiibw3ndnP0AvjDWLsMvGOvWEZ2F96IGk0bIVdjQisOHxReSkE13mHcfbuCiXw+G4y0zv6N8Eg==",
        "dependencies": {}
      },
      "flat@5.0.2": {
        "integrity": "sha512-b6suED+5/3rTpUBdG1gupIl8MPFCAMA0QXwmljLhvCUKcUvdE4gWky9zpuGCcXHOsz4J9wPGNWq6OKpmIzz3hQ==",
        "dependencies": {}
      },
      "follow-redirects@1.15.5": {
        "integrity": "sha512-vSFWUON1B+yAw1VN4xMfxgn5fTUiaOzAJCKBwIIgT/+7CuGy9+r+5gITvP62j3RmaD5Ph65UaERdOSRGUzZtgw==",
        "dependencies": {}
      },
      "form-data-encoder@1.7.2": {
        "integrity": "sha512-qfqtYan3rxrnCk1VYaA4H+Ms9xdpPqvLZa6xmMgFvhO32x7/3J/ExcTd6qpxM0vH2GdMI+poehyBZvqfMTto8A==",
        "dependencies": {}
      },
      "form-data@4.0.0": {
        "integrity": "sha512-ETEklSGi5t0QMZuiXoA/Q6vcnxcLQP5vdugSpuAyi6SVGi2clPPp+xgEhuMaHC+zGgn31Kd235W35f7Hykkaww==",
        "dependencies": {
          "asynckit": "asynckit@0.4.0",
          "combined-stream": "combined-stream@1.0.8",
          "mime-types": "mime-types@2.1.35"
        }
      },
      "formdata-node@4.4.1": {
        "integrity": "sha512-0iirZp3uVDjVGt9p49aTaqjk84TrglENEDuqfdlZQ1roC9CWlPk6Avf8EEnZNcAqPonwkG35x4n3ww/1THYAeQ==",
        "dependencies": {
          "node-domexception": "node-domexception@1.0.0",
          "web-streams-polyfill": "web-streams-polyfill@4.0.0-beta.3"
        }
      },
      "humanize-ms@1.2.1": {
        "integrity": "sha512-Fl70vYtsAFb/C06PTS9dZBo7ihau+Tu/DNCk/OyHhea07S+aeMWpFFkUaXRa8fI+ScZbEI8dfSxwY7gxZ9SAVQ==",
        "dependencies": {
          "ms": "ms@2.1.3"
        }
      },
      "infobox-parser@3.6.4": {
        "integrity": "sha512-d2lTlxKZX7WsYxk9/UPt51nkmZv5tbC75SSw4hfHqZ3LpRAn6ug0oru9xI2X+S78va3aUAze3xl/UqMuwLmJUw==",
        "dependencies": {
          "camelcase": "camelcase@4.1.0"
        }
      },
      "is-any-array@2.0.1": {
        "integrity": "sha512-UtilS7hLRu++wb/WBAw9bNuP1Eg04Ivn1vERJck8zJthEvXCBEBpGR/33u/xLKWEQf95803oalHrVDptcAvFdQ==",
        "dependencies": {}
      },
      "is-buffer@1.1.6": {
        "integrity": "sha512-NcdALwpXkTm5Zvvbk7owOUSvVvBKDgKP5/ewfXEznmQFfs4ZRmanOeKBTjRVjka3QFoN6XJ+9F3USqfHqTaU5w==",
        "dependencies": {}
      },
      "js-tiktoken@1.0.10": {
        "integrity": "sha512-ZoSxbGjvGyMT13x6ACo9ebhDha/0FHdKA+OsQcMOWcm1Zs7r90Rhk5lhERLzji+3rA7EKpXCgwXcM5fF3DMpdA==",
        "dependencies": {
          "base64-js": "base64-js@1.5.1"
        }
      },
      "js-yaml@4.1.0": {
        "integrity": "sha512-wpxZs9NoxZaJESJGIZTyDEaYpl0FKSA+FB9aJiyemKhMwkxQg63h4T1KJgUGHpTqPDNRcmmYLugrRjJlBtWvRA==",
        "dependencies": {
          "argparse": "argparse@2.0.1"
        }
      },
      "jsonpointer@5.0.1": {
        "integrity": "sha512-p/nXbhSEcu3pZRdkW1OfJhpsVtW1gd4Wa1fnQc9YLiTfAjn0312eMKimbdIQzuZl9aa9xUGaRlP9T/CJE/ditQ==",
        "dependencies": {}
      },
      "langchain@0.1.19-rc.2_zod@3.22.4": {
        "integrity": "sha512-2b0w5VM+VYH7GmIm1DldDLyowE8asE0jZya0AXRJgEgxjux+7L/4tb6HXRJIByiGBgmFVGcxoBvJaC71GM3NPw==",
        "dependencies": {
          "@anthropic-ai/sdk": "@anthropic-ai/sdk@0.9.1",
          "@langchain/community": "@langchain/community@0.0.30",
          "@langchain/core": "@langchain/core@0.1.30_zod@3.22.4",
          "@langchain/openai": "@langchain/openai@0.0.14_zod@3.22.4",
          "binary-extensions": "binary-extensions@2.2.0",
          "expr-eval": "expr-eval@2.0.2",
          "js-tiktoken": "js-tiktoken@1.0.10",
          "js-yaml": "js-yaml@4.1.0",
          "jsonpointer": "jsonpointer@5.0.1",
          "langchainhub": "langchainhub@0.0.8",
          "langsmith": "langsmith@0.1.3",
          "ml-distance": "ml-distance@4.0.1",
          "openapi-types": "openapi-types@12.1.3",
          "p-retry": "p-retry@4.6.2",
          "uuid": "uuid@9.0.1",
          "yaml": "yaml@2.3.4",
          "zod": "zod@3.22.4",
          "zod-to-json-schema": "zod-to-json-schema@3.22.4_zod@3.22.4"
        }
      },
      "langchainhub@0.0.8": {
        "integrity": "sha512-Woyb8YDHgqqTOZvWIbm2CaFDGfZ4NTSyXV687AG4vXEfoNo7cGQp7nhl7wL3ehenKWmNEmcxCLgOZzW8jE6lOQ==",
        "dependencies": {}
      },
      "langsmith@0.1.3": {
        "integrity": "sha512-kQMS3QySeU0Qt9A71d9trUXbeKn33HfxpRc7hRjSB967zcdTAngh66NcqYqBflD3nOL4FK6LKmvfb3vbNDEoPg==",
        "dependencies": {
          "@types/uuid": "@types/uuid@9.0.8",
          "commander": "commander@10.0.1",
          "p-queue": "p-queue@6.6.2",
          "p-retry": "p-retry@4.6.2",
          "uuid": "uuid@9.0.1"
        }
      },
      "md5@2.3.0": {
        "integrity": "sha512-T1GITYmFaKuO91vxyoQMFETst+O71VUPEU3ze5GNzDm0OWdP8v1ziTaAEPUr/3kLsY3Sftgz242A1SetQiDL7g==",
        "dependencies": {
          "charenc": "charenc@0.0.2",
          "crypt": "crypt@0.0.2",
          "is-buffer": "is-buffer@1.1.6"
        }
      },
      "mime-db@1.52.0": {
        "integrity": "sha512-sPU4uV7dYlvtWJxwwxHD0PuihVNiE7TyAbQ5SWxDCB9mUYvOgroQOwYQQOKPJ8CIbE+1ETVlOoK1UC2nU3gYvg==",
        "dependencies": {}
      },
      "mime-types@2.1.35": {
        "integrity": "sha512-ZDY+bPm5zTTF+YpCrAU9nK0UgICYPT0QtT1NZWFv4s++TNkcgVaT0g6+4R2uI4MjQjzysHB1zxuWL50hzaeXiw==",
        "dependencies": {
          "mime-db": "mime-db@1.52.0"
        }
      },
      "ml-array-mean@1.1.6": {
        "integrity": "sha512-MIdf7Zc8HznwIisyiJGRH9tRigg3Yf4FldW8DxKxpCCv/g5CafTw0RRu51nojVEOXuCQC7DRVVu5c7XXO/5joQ==",
        "dependencies": {
          "ml-array-sum": "ml-array-sum@1.1.6"
        }
      },
      "ml-array-sum@1.1.6": {
        "integrity": "sha512-29mAh2GwH7ZmiRnup4UyibQZB9+ZLyMShvt4cH4eTK+cL2oEMIZFnSyB3SS8MlsTh6q/w/yh48KmqLxmovN4Dw==",
        "dependencies": {
          "is-any-array": "is-any-array@2.0.1"
        }
      },
      "ml-distance-euclidean@2.0.0": {
        "integrity": "sha512-yC9/2o8QF0A3m/0IXqCTXCzz2pNEzvmcE/9HFKOZGnTjatvBbsn4lWYJkxENkA4Ug2fnYl7PXQxnPi21sgMy/Q==",
        "dependencies": {}
      },
      "ml-distance@4.0.1": {
        "integrity": "sha512-feZ5ziXs01zhyFUUUeZV5hwc0f5JW0Sh0ckU1koZe/wdVkJdGxcP06KNQuF0WBTj8FttQUzcvQcpcrOp/XrlEw==",
        "dependencies": {
          "ml-array-mean": "ml-array-mean@1.1.6",
          "ml-distance-euclidean": "ml-distance-euclidean@2.0.0",
          "ml-tree-similarity": "ml-tree-similarity@1.0.0"
        }
      },
      "ml-tree-similarity@1.0.0": {
        "integrity": "sha512-XJUyYqjSuUQkNQHMscr6tcjldsOoAekxADTplt40QKfwW6nd++1wHWV9AArl0Zvw/TIHgNaZZNvr8QGvE8wLRg==",
        "dependencies": {
          "binary-search": "binary-search@1.3.6",
          "num-sort": "num-sort@2.1.0"
        }
      },
      "ms@2.1.3": {
        "integrity": "sha512-6FlzubTLZG3J2a/NVCAleEhjzq5oxgHyaCU9yYXvcLsvoVaHJq/s5xXI6/XXP6tz7R9xAOtHnSO/tXtF3WRTlA==",
        "dependencies": {}
      },
      "node-domexception@1.0.0": {
        "integrity": "sha512-/jKZoMpw0F8GRwl4/eLROPA3cfcXtLApP0QzLmUT/HuPCZWyB7IY9ZrMeKw2O/nFIqPQB3PVM9aYm0F312AXDQ==",
        "dependencies": {}
      },
      "node-fetch@2.7.0": {
        "integrity": "sha512-c4FRfUm/dbcWZ7U+1Wq0AwCyFL+3nt2bEw05wfxSz+DWpWsitgmSgYmy2dQdWyKC1694ELPqMs/YzUSNozLt8A==",
        "dependencies": {
          "whatwg-url": "whatwg-url@5.0.0"
        }
      },
      "num-sort@2.1.0": {
        "integrity": "sha512-1MQz1Ed8z2yckoBeSfkQHHO9K1yDRxxtotKSJ9yvcTUUxSvfvzEq5GwBrjjHEpMlq/k5gvXdmJ1SbYxWtpNoVg==",
        "dependencies": {}
      },
      "openai@4.28.0": {
        "integrity": "sha512-JM8fhcpmpGN0vrUwGquYIzdcEQHtFuom6sRCbbCM6CfzZXNuRk33G7KfeRAIfnaCxSpzrP5iHtwJzIm6biUZ2Q==",
        "dependencies": {
          "@types/node": "@types/node@18.19.17",
          "@types/node-fetch": "@types/node-fetch@2.6.11",
          "abort-controller": "abort-controller@3.0.0",
          "agentkeepalive": "agentkeepalive@4.5.0",
          "digest-fetch": "digest-fetch@1.3.0",
          "form-data-encoder": "form-data-encoder@1.7.2",
          "formdata-node": "formdata-node@4.4.1",
          "node-fetch": "node-fetch@2.7.0",
          "web-streams-polyfill": "web-streams-polyfill@3.3.3"
        }
      },
      "openapi-types@12.1.3": {
        "integrity": "sha512-N4YtSYJqghVu4iek2ZUvcN/0aqH1kRDuNqzcycDxhOUpg7GdvLa2F3DgS6yBNhInhv2r/6I0Flkn7CqL8+nIcw==",
        "dependencies": {}
      },
      "p-finally@1.0.0": {
        "integrity": "sha512-LICb2p9CB7FS+0eR1oqWnHhp0FljGLZCWBE9aix0Uye9W8LTQPwMTYVGWQWIw9RdQiDg4+epXQODwIYJtSJaow==",
        "dependencies": {}
      },
      "p-queue@6.6.2": {
        "integrity": "sha512-RwFpb72c/BhQLEXIZ5K2e+AhgNVmIejGlTgiB9MzZ0e93GRvqZ7uSi0dvRF7/XIXDeNkra2fNHBxTyPDGySpjQ==",
        "dependencies": {
          "eventemitter3": "eventemitter3@4.0.7",
          "p-timeout": "p-timeout@3.2.0"
        }
      },
      "p-retry@4.6.2": {
        "integrity": "sha512-312Id396EbJdvRONlngUx0NydfrIQ5lsYu0znKVUzVvArzEIt08V1qhtyESbGVd1FGX7UKtiFp5uwKZdM8wIuQ==",
        "dependencies": {
          "@types/retry": "@types/retry@0.12.0",
          "retry": "retry@0.13.1"
        }
      },
      "p-timeout@3.2.0": {
        "integrity": "sha512-rhIwUycgwwKcP9yTOOFK/AKsAopjjCakVqLHePO3CC6Mir1Z99xT+R63jZxAT5lFZLa2inS5h+ZS2GvR99/FBg==",
        "dependencies": {
          "p-finally": "p-finally@1.0.0"
        }
      },
      "proxy-from-env@1.1.0": {
        "integrity": "sha512-D+zkORCbA9f1tdWRK0RaCR3GPv50cMxcrz4X8k5LTSUD1Dkw47mKJEZQNunItRTkWwgtaUSo1RVFRIG9ZXiFYg==",
        "dependencies": {}
      },
      "retry@0.13.1": {
        "integrity": "sha512-XQBQ3I8W1Cge0Seh+6gjj03LbmRFWuoszgK9ooCpwYIrhhoO80pfq4cUkU5DkknwfOfFteRwlZ56PYOGYyFWdg==",
        "dependencies": {}
      },
      "tr46@0.0.3": {
        "integrity": "sha512-N3WMsuqV66lT30CrXNbEjx4GEwlow3v6rr4mCcv6prnfwhS01rkgyFdjPNBYd9br7LpXV1+Emh01fHnq2Gdgrw==",
        "dependencies": {}
      },
      "undici-types@5.26.5": {
        "integrity": "sha512-JlCMO+ehdEIKqlFxk6IfVoAUVmgz7cU7zD/h9XZ0qzeosSHmUJVOzSQvvYSYWXkFXC+IfLKSIffhv0sVZup6pA==",
        "dependencies": {}
      },
      "uuid@9.0.1": {
        "integrity": "sha512-b+1eJOlsR9K8HJpow9Ok3fiWOWSIcIzXodvv0rQjVoOVNpWMpxf1wZNpt4y9h10odCNrqnYp1OBzRktckBe3sA==",
        "dependencies": {}
      },
      "web-streams-polyfill@3.3.3": {
        "integrity": "sha512-d2JWLCivmZYTSIoge9MsgFCZrt571BikcWGYkjC1khllbTeDlGqZ2D8vD8E/lJa8WGWbb7Plm8/XJYV7IJHZZw==",
        "dependencies": {}
      },
      "web-streams-polyfill@4.0.0-beta.3": {
        "integrity": "sha512-QW95TCTaHmsYfHDybGMwO5IJIM93I/6vTRk+daHTWFPhwh+C8Cg7j7XyKrwrj8Ib6vYXe0ocYNrmzY4xAAN6ug==",
        "dependencies": {}
      },
      "webidl-conversions@3.0.1": {
        "integrity": "sha512-2JAn3z8AR6rjK8Sm8orRC0h/bcl/DqL7tRPdGZ4I1CjdF+EaMLmYxBHyXuKL849eucPFhvBoxMsflfOb8kxaeQ==",
        "dependencies": {}
      },
      "whatwg-url@5.0.0": {
        "integrity": "sha512-saE57nupxk6v3HY35+jzBwYa0rKSy0XR8JSxZPwgLr7ys0IBzhGviA1/TUGJLmSVqs8pb9AnvICXEuOHLprYTw==",
        "dependencies": {
          "tr46": "tr46@0.0.3",
          "webidl-conversions": "webidl-conversions@3.0.1"
        }
      },
      "wikipedia@2.1.2": {
        "integrity": "sha512-RAYaMpXC9/E873RaSEtlEa8dXK4e0p5k98GKOd210MtkE5emm6fcnwD+N6ZA4cuffjDWagvhaQKtp/mGp2BOVQ==",
        "dependencies": {
          "axios": "axios@1.6.7",
          "infobox-parser": "infobox-parser@3.6.4"
        }
      },
      "yaml@2.3.4": {
        "integrity": "sha512-8aAvwVUSHpfEqTQ4w/KMlf3HcRdt50E5ODIQJBw1fQ5RL34xabzxtUlzTXVqc4rkZsPbvrXKWnABCD7kWSmocA==",
        "dependencies": {}
      },
      "zod-to-json-schema@3.22.4_zod@3.22.4": {
        "integrity": "sha512-2Ed5dJ+n/O3cU383xSY28cuVi0BCQhF8nYqWU5paEpl7fVdqdAmiLdqLyfblbNdfOFwFfi/mqU4O1pwc60iBhQ==",
        "dependencies": {
          "zod": "zod@3.22.4"
        }
      },
      "zod@3.22.4": {
        "integrity": "sha512-iC+8Io04lddc+mVqQ9AZ7OQ2MrUKGN+oIQyq1vemgt46jwCwLfhq7/pwnBnNXXXZb8VTVLKwp9EDkx+ryxIWmg==",
        "dependencies": {}
      }
    }
  },
  "remote": {
    "https://deno.land/x/p_limit@v1.0.0/mod.ts": "0348ca21c2cce293f6e8b42a96bb235a07550eba8e52c6713365ec247a0b2d8c",
    "https://deno.land/x/yocto_queue@v0.1.3/mod.ts": "f63406731f43af2038c2a9158446d020d7a6f203ba5e1d9a6c18b1247ee0fb63"
  },
  "workspace": {
    "dependencies": [
      "npm:dotenv",
      "npm:langchain@0.1.19-rc.2",
      "npm:langsmith@0.1.3"
    ]
  }
}
